
Microsoft Visual Studio Solution File, Format Version 12.00
# Visual Studio Version 16
VisualStudioVersion = 16.0.30804.86
MinimumVisualStudioVersion = 10.0.40219.1
Project("{9A19103F-16F7-4668-BE54-9A1E7A4F7556}") = "RepairsWeb", "RepairsWeb\RepairsWeb.csproj", "{6F294B10-B282-4BA9-9489-CFC62C927748}"
EndProject
Project("{9A19103F-16F7-4668-BE54-9A1E7A4F7556}") = "RepairsData", "RepairsData\RepairsData.csproj", "{D537BE7C-82BF-4AB0-A19D-9E27D9558839}"
EndProject
Project("{FAE04EC0-301F-11D3-BF4B-00C04F79EFBC}") = "Repairs.Tests", "Repairs.Tests\Repairs.Tests.csproj", "{37D5D33D-70E9-4BF0-99B2-0F15FDA83851}"
EndProject
Global
	GlobalSection(SolutionConfigurationPlatforms) = preSolution
		Debug|Any CPU = Debug|Any CPU
		Release|Any CPU = Release|Any CPU
	EndGlobalSection
	GlobalSection(ProjectConfigurationPlatforms) = postSolution
		{6F294B10-B282-4BA9-9489-CFC62C927748}.Debug|Any CPU.ActiveCfg = Debug|Any CPU
		{6F294B10-B282-4BA9-9489-CFC62C927748}.Debug|Any CPU.Build.0 = Debug|Any CPU
		{6F294B10-B282-4BA9-9489-CFC62C927748}.Release|Any CPU.ActiveCfg = Release|Any CPU
		{6F294B10-B282-4BA9-9489-CFC62C927748}.Release|Any CPU.Build.0 = Release|Any CPU
		{D537BE7C-82BF-4AB0-A19D-9E27D9558839}.Debug|Any CPU.ActiveCfg = Debug|Any CPU
		{D537BE7C-82BF-4AB0-A19D-9E27D9558839}.Debug|Any CPU.Build.0 = Debug|Any CPU
		{D537BE7C-82BF-4AB0-A19D-9E27D9558839}.Release|Any CPU.ActiveCfg = Release|Any CPU
		{D537BE7C-82BF-4AB0-A19D-9E27D9558839}.Release|Any CPU.Build.0 = Release|Any CPU
		{37D5D33D-70E9-4BF0-99B2-0F15FDA83851}.Debug|Any CPU.ActiveCfg = Debug|Any CPU
		{37D5D33D-70E9-4BF0-99B2-0F15FDA83851}.Debug|Any CPU.Build.0 = Debug|Any CPU
		{37D5D33D-70E9-4BF0-99B2-0F15FDA83851}.Release|Any CPU.ActiveCfg = Release|Any CPU
		{37D5D33D-70E9-4BF0-99B2-0F15FDA83851}.Release|Any CPU.Build.0 = Release|Any CPU
	EndGlobalSection
	GlobalSection(SolutionProperties) = preSolution
		HideSolutionNode = FALSE
	EndGlobalSection
	GlobalSection(ExtensibilityGlobals) = postSolution
		SolutionGuid = {1F045847-3D20-410C-9E70-FABCED559310}
	EndGlobalSection
EndGlobal
